// !$*UTF8*$!
{
	archiveVersion = 1;
	classes = {
	};
	objectVersion = 46;
	objects = {

/* Begin PBXBuildFile section */
		F681AA091B28BC9A0053127A /* main.m in Sources */ = {isa = PBXBuildFile; fileRef = F681AA081B28BC9A0053127A /* main.m */; };
		F681AA0C1B28BC9A0053127A /* AppDelegate.m in Sources */ = {isa = PBXBuildFile; fileRef = F681AA0B1B28BC9A0053127A /* AppDelegate.m */; };
		F681AA0F1B28BC9A0053127A /* ViewController.m in Sources */ = {isa = PBXBuildFile; fileRef = F681AA0E1B28BC9A0053127A /* ViewController.m */; };
		F681AA121B28BC9A0053127A /* Main.storyboard in Resources */ = {isa = PBXBuildFile; fileRef = F681AA101B28BC9A0053127A /* Main.storyboard */; };
		F681AA141B28BC9A0053127A /* Images.xcassets in Resources */ = {isa = PBXBuildFile; fileRef = F681AA131B28BC9A0053127A /* Images.xcassets */; };
		F681AA171B28BC9A0053127A /* LaunchScreen.xib in Resources */ = {isa = PBXBuildFile; fileRef = F681AA151B28BC9A0053127A /* LaunchScreen.xib */; };
		F681AA231B28BC9A0053127A /* Floating_HeadsTests.m in Sources */ = {isa = PBXBuildFile; fileRef = F681AA221B28BC9A0053127A /* Floating_HeadsTests.m */; };
/* End PBXBuildFile section */

/* Begin PBXContainerItemProxy section */
		F681AA1D1B28BC9A0053127A /* PBXContainerItemProxy */ = {
			isa = PBXContainerItemProxy;
			containerPortal = F681A9FB1B28BC9A0053127A /* Project object */;
			proxyType = 1;
			remoteGlobalIDString = F681AA021B28BC9A0053127A;
			remoteInfo = "Floating Heads";
		};
/* End PBXContainerItemProxy section */

/* Begin PBXFileReference section */
		F681AA031B28BC9A0053127A /* Floating Heads.app */ = {isa = PBXFileReference; explicitFileType = wrapper.application; includeInIndex = 0; path = "Floating Heads.app"; sourceTree = BUILT_PRODUCTS_DIR; };
		F681AA071B28BC9A0053127A /* Info.plist */ = {isa = PBXFileReference; lastKnownFileType = text.plist.xml; path = Info.plist; sourceTree = "<group>"; };
		F681AA081B28BC9A0053127A /* main.m */ = {isa = PBXFileReference; lastKnownFileType = sourcecode.c.objc; path = main.m; sourceTree = "<group>"; };
		F681AA0A1B28BC9A0053127A /* AppDelegate.h */ = {isa = PBXFileReference; lastKnownFileType = sourcecode.c.h; path = AppDelegate.h; sourceTree = "<group>"; };
		F681AA0B1B28BC9A0053127A /* AppDelegate.m */ = {isa = PBXFileReference; lastKnownFileType = sourcecode.c.objc; path = AppDelegate.m; sourceTree = "<group>"; };
		F681AA0D1B28BC9A0053127A /* ViewController.h */ = {isa = PBXFileReference; lastKnownFileType = sourcecode.c.h; path = ViewController.h; sourceTree = "<group>"; };
		F681AA0E1B28BC9A0053127A /* ViewController.m */ = {isa = PBXFileReference; lastKnownFileType = sourcecode.c.objc; path = ViewController.m; sourceTree = "<group>"; };
		F681AA111B28BC9A0053127A /* Base */ = {isa = PBXFileReference; lastKnownFileType = file.storyboard; name = Base; path = Base.lproj/Main.storyboard; sourceTree = "<group>"; };
		F681AA131B28BC9A0053127A /* Images.xcassets */ = {isa = PBXFileReference; lastKnownFileType = folder.assetcatalog; path = Images.xcassets; sourceTree = "<group>"; };
		F681AA161B28BC9A0053127A /* Base */ = {isa = PBXFileReference; lastKnownFileType = file.xib; name = Base; path = Base.lproj/LaunchScreen.xib; sourceTree = "<group>"; };
		F681AA1C1B28BC9A0053127A /* Floating HeadsTests.xctest */ = {isa = PBXFileReference; explicitFileType = wrapper.cfbundle; includeInIndex = 0; path = "Floating HeadsTests.xctest"; sourceTree = BUILT_PRODUCTS_DIR; };
		F681AA211B28BC9A0053127A /* Info.plist */ = {isa = PBXFileReference; lastKnownFileType = text.plist.xml; path = Info.plist; sourceTree = "<group>"; };
		F681AA221B28BC9A0053127A /* Floating_HeadsTests.m */ = {isa = PBXFileReference; lastKnownFileType = sourcecode.c.objc; path = Floating_HeadsTests.m; sourceTree = "<group>"; };
/* End PBXFileReference section */

/* Begin PBXFrameworksBuildPhase section */
		F681AA001B28BC9A0053127A /* Frameworks */ = {
			isa = PBXFrameworksBuildPhase;
			buildActionMask = 2147483647;
			files = (
			);
			runOnlyForDeploymentPostprocessing = 0;
		};
		F681AA191B28BC9A0053127A /* Frameworks */ = {
			isa = PBXFrameworksBuildPhase;
			buildActionMask = 2147483647;
			files = (
			);
			runOnlyForDeploymentPostprocessing = 0;
		};
/* End PBXFrameworksBuildPhase section */

/* Begin PBXGroup section */
		F681A9FA1B28BC9A0053127A = {
			isa = PBXGroup;
			children = (
				F681AA051B28BC9A0053127A /* Floating Heads */,
				F681AA1F1B28BC9A0053127A /* Floating HeadsTests */,
				F681AA041B28BC9A0053127A /* Products */,
			);
			sourceTree = "<group>";
		};
		F681AA041B28BC9A0053127A /* Products */ = {
			isa = PBXGroup;
			children = (
				F681AA031B28BC9A0053127A /* Floating Heads.app */,
				F681AA1C1B28BC9A0053127A /* Floating HeadsTests.xctest */,
			);
			name = Products;
			sourceTree = "<group>";
		};
		F681AA051B28BC9A0053127A /* Floating Heads */ = {
			isa = PBXGroup;
			children = (
				F681AA0A1B28BC9A0053127A /* AppDelegate.h */,
				F681AA0B1B28BC9A0053127A /* AppDelegate.m */,
				F681AA0D1B28BC9A0053127A /* ViewController.h */,
				F681AA0E1B28BC9A0053127A /* ViewController.m */,
				F681AA101B28BC9A0053127A /* Main.storyboard */,
				F681AA131B28BC9A0053127A /* Images.xcassets */,
				F681AA151B28BC9A0053127A /* LaunchScreen.xib */,
				F681AA061B28BC9A0053127A /* Supporting Files */,
			);
			path = "Floating Heads";
			sourceTree = "<group>";
		};
		F681AA061B28BC9A0053127A /* Supporting Files */ = {
			isa = PBXGroup;
			children = (
				F681AA071B28BC9A0053127A /* Info.plist */,
				F681AA081B28BC9A0053127A /* main.m */,
			);
			name = "Supporting Files";
			sourceTree = "<group>";
		};
		F681AA1F1B28BC9A0053127A /* Floating HeadsTests */ = {
			isa = PBXGroup;
			children = (
				F681AA221B28BC9A0053127A /* Floating_HeadsTests.m */,
				F681AA201B28BC9A0053127A /* Supporting Files */,
			);
			path = "Floating HeadsTests";
			sourceTree = "<group>";
		};
		F681AA201B28BC9A0053127A /* Supporting Files */ = {
			isa = PBXGroup;
			children = (
				F681AA211B28BC9A0053127A /* Info.plist */,
			);
			name = "Supporting Files";
			sourceTree = "<group>";
		};
/* End PBXGroup section */

/* Begin PBXNativeTarget section */
		F681AA021B28BC9A0053127A /* Floating Heads */ = {
			isa = PBXNativeTarget;
			buildConfigurationList = F681AA261B28BC9A0053127A /* Build configuration list for PBXNativeTarget "Floating Heads" */;
			buildPhases = (
				F681A9FF1B28BC9A0053127A /* Sources */,
				F681AA001B28BC9A0053127A /* Frameworks */,
				F681AA011B28BC9A0053127A /* Resources */,
			);
			buildRules = (
			);
			dependencies = (
			);
			name = "Floating Heads";
			productName = "Floating Heads";
			productReference = F681AA031B28BC9A0053127A /* Floating Heads.app */;
			productType = "com.apple.product-type.application";
		};
		F681AA1B1B28BC9A0053127A /* Floating HeadsTests */ = {
			isa = PBXNativeTarget;
			buildConfigurationList = F681AA291B28BC9A0053127A /* Build configuration list for PBXNativeTarget "Floating HeadsTests" */;
			buildPhases = (
				F681AA181B28BC9A0053127A /* Sources */,
				F681AA191B28BC9A0053127A /* Frameworks */,
				F681AA1A1B28BC9A0053127A /* Resources */,
			);
			buildRules = (
			);
			dependencies = (
				F681AA1E1B28BC9A0053127A /* PBXTargetDependency */,
			);
			name = "Floating HeadsTests";
			productName = "Floating HeadsTests";
			productReference = F681AA1C1B28BC9A0053127A /* Floating HeadsTests.xctest */;
			productType = "com.apple.product-type.bundle.unit-test";
		};
/* End PBXNativeTarget section */

/* Begin PBXProject section */
		F681A9FB1B28BC9A0053127A /* Project object */ = {
			isa = PBXProject;
			attributes = {
				LastUpgradeCheck = 0630;
				ORGANIZATIONNAME = "Abegael Jackson";
				TargetAttributes = {
					F681AA021B28BC9A0053127A = {
						CreatedOnToolsVersion = 6.3.2;
					};
					F681AA1B1B28BC9A0053127A = {
						CreatedOnToolsVersion = 6.3.2;
						TestTargetID = F681AA021B28BC9A0053127A;
					};
				};
			};
			buildConfigurationList = F681A9FE1B28BC9A0053127A /* Build configuration list for PBXProject "Floating Heads" */;
			compatibilityVersion = "Xcode 3.2";
			developmentRegion = English;
			hasScannedForEncodings = 0;
			knownRegions = (
				en,
				Base,
			);
			mainGroup = F681A9FA1B28BC9A0053127A;
			productRefGroup = F681AA041B28BC9A0053127A /* Products */;
			projectDirPath = "";
			projectRoot = "";
			targets = (
				F681AA021B28BC9A0053127A /* Floating Heads */,
				F681AA1B1B28BC9A0053127A /* Floating HeadsTests */,
			);
		};
/* End PBXProject section */

/* Begin PBXResourcesBuildPhase section */
		F681AA011B28BC9A0053127A /* Resources */ = {
			isa = PBXResourcesBuildPhase;
			buildActionMask = 2147483647;
			files = (
				F681AA121B28BC9A0053127A /* Main.storyboard in Resources */,
				F681AA171B28BC9A0053127A /* LaunchScreen.xib in Resources */,
				F681AA141B28BC9A0053127A /* Images.xcassets in Resources */,
			);
			runOnlyForDeploymentPostprocessing = 0;
		};
		F681AA1A1B28BC9A0053127A /* Resources */ = {
			isa = PBXResourcesBuildPhase;
			buildActionMask = 2147483647;
			files = (
			);
			runOnlyForDeploymentPostprocessing = 0;
		};
/* End PBXResourcesBuildPhase section */

/* Begin PBXSourcesBuildPhase section */
		F681A9FF1B28BC9A0053127A /* Sources */ = {
			isa = PBXSourcesBuildPhase;
			buildActionMask = 2147483647;
			files = (
				F681AA0F1B28BC9A0053127A /* ViewController.m in Sources */,
				F681AA0C1B28BC9A0053127A /* AppDelegate.m in Sources */,
				F681AA091B28BC9A0053127A /* main.m in Sources */,
			);
			runOnlyForDeploymentPostprocessing = 0;
		};
		F681AA181B28BC9A0053127A /* Sources */ = {
			isa = PBXSourcesBuildPhase;
			buildActionMask = 2147483647;
			files = (
				F681AA231B28BC9A0053127A /* Floating_HeadsTests.m in Sources */,
			);
			runOnlyForDeploymentPostprocessing = 0;
		};
/* End PBXSourcesBuildPhase section */

/* Begin PBXTargetDependency section */
		F681AA1E1B28BC9A0053127A /* PBXTargetDependency */ = {
			isa = PBXTargetDependency;
			target = F681AA021B28BC9A0053127A /* Floating Heads */;
			targetProxy = F681AA1D1B28BC9A0053127A /* PBXContainerItemProxy */;
		};
/* End PBXTargetDependency section */

/* Begin PBXVariantGroup section */
		F681AA101B28BC9A0053127A /* Main.storyboard */ = {
			isa = PBXVariantGroup;
			children = (
				F681AA111B28BC9A0053127A /* Base */,
			);
			name = Main.storyboard;
			sourceTree = "<group>";
		};
		F681AA151B28BC9A0053127A /* LaunchScreen.xib */ = {
			isa = PBXVariantGroup;
			children = (
				F681AA161B28BC9A0053127A /* Base */,
			);
			name = LaunchScreen.xib;
			sourceTree = "<group>";
		};
/* End PBXVariantGroup section */

/* Begin XCBuildConfiguration section */
		F681AA241B28BC9A0053127A /* Debug */ = {
			isa = XCBuildConfiguration;
			buildSettings = {
				ALWAYS_SEARCH_USER_PATHS = NO;
				CLANG_CXX_LANGUAGE_STANDARD = "gnu++0x";
				CLANG_CXX_LIBRARY = "libc++";
				CLANG_ENABLE_MODULES = YES;
				CLANG_ENABLE_OBJC_ARC = YES;
				CLANG_WARN_BOOL_CONVERSION = YES;
				CLANG_WARN_CONSTANT_CONVERSION = YES;
				CLANG_WARN_DIRECT_OBJC_ISA_USAGE = YES_ERROR;
				CLANG_WARN_EMPTY_BODY = YES;
				CLANG_WARN_ENUM_CONVERSION = YES;
				CLANG_WARN_INT_CONVERSION = YES;
				CLANG_WARN_OBJC_ROOT_CLASS = YES_ERROR;
				CLANG_WARN_UNREACHABLE_CODE = YES;
				CLANG_WARN__DUPLICATE_METHOD_MATCH = YES;
				"CODE_SIGN_IDENTITY[sdk=iphoneos*]" = "iPhone Developer";
				COPY_PHASE_STRIP = NO;
				DEBUG_INFORMATION_FORMAT = "dwarf-with-dsym";
				ENABLE_STRICT_OBJC_MSGSEND = YES;
				GCC_C_LANGUAGE_STANDARD = gnu99;
				GCC_DYNAMIC_NO_PIC = NO;
				GCC_NO_COMMON_BLOCKS = YES;
				GCC_OPTIMIZATION_LEVEL = 0;
				GCC_PREPROCESSOR_DEFINITIONS = (
					"DEBUG=1",
					"$(inherited)",
				);
				GCC_SYMBOLS_PRIVATE_EXTERN = NO;
				GCC_WARN_64_TO_32_BIT_CONVERSION = YES;
				GCC_WARN_ABOUT_RETURN_TYPE = YES_ERROR;
				GCC_WARN_UNDECLARED_SELECTOR = YES;
				GCC_WARN_UNINITIALIZED_AUTOS = YES_AGGRESSIVE;
				GCC_WARN_UNUSED_FUNCTION = YES;
				GCC_WARN_UNUSED_VARIABLE = YES;
				IPHONEOS_DEPLOYMENT_TARGET = 8.3;
				MTL_ENABLE_DEBUG_INFO = YES;
				ONLY_ACTIVE_ARCH = YES;
				SDKROOT = iphoneos;
			};
			name = Debug;
		};
		F681AA251B28BC9A0053127A /* Release */ = {
			isa = XCBuildConfiguration;
			buildSettings = {
				ALWAYS_SEARCH_USER_PATHS = NO;
				CLANG_CXX_LANGUAGE_STANDARD = "gnu++0x";
				CLANG_CXX_LIBRARY = "libc++";
				CLANG_ENABLE_MODULES = YES;
				CLANG_ENABLE_OBJC_ARC = YES;
				CLANG_WARN_BOOL_CONVERSION = YES;
				CLANG_WARN_CONSTANT_CONVERSION = YES;
				CLANG_WARN_DIRECT_OBJC_ISA_USAGE = YES_ERROR;
				CLANG_WARN_EMPTY_BODY = YES;
				CLANG_WARN_ENUM_CONVERSION = YES;
				CLANG_WARN_INT_CONVERSION = YES;
				CLANG_WARN_OBJC_ROOT_CLASS = YES_ERROR;
				CLANG_WARN_UNREACHABLE_CODE = YES;
				CLANG_WARN__DUPLICATE_METHOD_MATCH = YES;
				"CODE_SIGN_IDENTITY[sdk=iphoneos*]" = "iPhone Developer";
				COPY_PHASE_STRIP = NO;
				DEBUG_INFORMATION_FORMAT = "dwarf-with-dsym";
				ENABLE_NS_ASSERTIONS = NO;
				ENABLE_STRICT_OBJC_MSGSEND = YES;
				GCC_C_LANGUAGE_STANDARD = gnu99;
				GCC_NO_COMMON_BLOCKS = YES;
				GCC_WARN_64_TO_32_BIT_CONVERSION = YES;
				GCC_WARN_ABOUT_RETURN_TYPE = YES_ERROR;
				GCC_WARN_UNDECLARED_SELECTOR = YES;
				GCC_WARN_UNINITIALIZED_AUTOS = YES_AGGRESSIVE;
				GCC_WARN_UNUSED_FUNCTION = YES;
				GCC_WARN_UNUSED_VARIABLE = YES;
				IPHONEOS_DEPLOYMENT_TARGET = 8.3;
				MTL_ENABLE_DEBUG_INFO = NO;
				SDKROOT = iphoneos;
				VALIDATE_PRODUCT = YES;
			};
			name = Release;
		};
		F681AA271B28BC9A0053127A /* Debug */ = {
			isa = XCBuildConfiguration;
			buildSettings = {
				ASSETCATALOG_COMPILER_APPICON_NAME = AppIcon;
				INFOPLIST_FILE = "Floating Heads/Info.plist";
				LD_RUNPATH_SEARCH_PATHS = "$(inherited) @executable_path/Frameworks";
				PRODUCT_NAME = "$(TARGET_NAME)";
			};
			name = Debug;
		};
		F681AA281B28BC9A0053127A /* Release */ = {
			isa = XCBuildConfiguration;
			buildSettings = {
				ASSETCATALOG_COMPILER_APPICON_NAME = AppIcon;
				INFOPLIST_FILE = "Floating Heads/Info.plist";
				LD_RUNPATH_SEARCH_PATHS = "$(inherited) @executable_path/Frameworks";
				PRODUCT_NAME = "$(TARGET_NAME)";
			};
			name = Release;
		};
		F681AA2A1B28BC9A0053127A /* Debug */ = {
			isa = XCBuildConfiguration;
			buildSettings = {
				BUNDLE_LOADER = "$(TEST_HOST)";
				FRAMEWORK_SEARCH_PATHS = (
					"$(SDKROOT)/Developer/Library/Frameworks",
					"$(inherited)",
				);
				GCC_PREPROCESSOR_DEFINITIONS = (
					"DEBUG=1",
					"$(inherited)",
				);
				INFOPLIST_FILE = "Floating HeadsTests/Info.plist";
				LD_RUNPATH_SEARCH_PATHS = "$(inherited) @executable_path/Frameworks @loader_path/Frameworks";
				PRODUCT_NAME = "$(TARGET_NAME)";
				TEST_HOST = "$(BUILT_PRODUCTS_DIR)/Floating Heads.app/Floating Heads";
			};
			name = Debug;
		};
		F681AA2B1B28BC9A0053127A /* Release */ = {
			isa = XCBuildConfiguration;
			buildSettings = {
				BUNDLE_LOADER = "$(TEST_HOST)";
				FRAMEWORK_SEARCH_PATHS = (
					"$(SDKROOT)/Developer/Library/Frameworks",
					"$(inherited)",
				);
				INFOPLIST_FILE = "Floating HeadsTests/Info.plist";
				LD_RUNPATH_SEARCH_PATHS = "$(inherited) @executable_path/Frameworks @loader_path/Frameworks";
				PRODUCT_NAME = "$(TARGET_NAME)";
				TEST_HOST = "$(BUILT_PRODUCTS_DIR)/Floating Heads.app/Floating Heads";
			};
			name = Release;
		};
/* End XCBuildConfiguration section */

/* Begin XCConfigurationList section */
		F681A9FE1B28BC9A0053127A /* Build configuration list for PBXProject "Floating Heads" */ = {
			isa = XCConfigurationList;
			buildConfigurations = (
				F681AA241B28BC9A0053127A /* Debug */,
				F681AA251B28BC9A0053127A /* Release */,
			);
			defaultConfigurationIsVisible = 0;
			defaultConfigurationName = Release;
		};
		F681AA261B28BC9A0053127A /* Build configuration list for PBXNativeTarget "Floating Heads" */ = {
			isa = XCConfigurationList;
			buildConfigurations = (
				F681AA271B28BC9A0053127A /* Debug */,
				F681AA281B28BC9A0053127A /* Release */,
			);
			defaultConfigurationIsVisible = 0;
		};
		F681AA291B28BC9A0053127A /* Build configuration list for PBXNativeTarget "Floating HeadsTests" */ = {
			isa = XCConfigurationList;
			buildConfigurations = (
				F681AA2A1B28BC9A0053127A /* Debug */,
				F681AA2B1B28BC9A0053127A /* Release */,
			);
			defaultConfigurationIsVisible = 0;
		};
/* End XCConfigurationList section */
	};
	rootObject = F681A9FB1B28BC9A0053127A /* Project object */;
}
